// !$*UTF8*$!
{
	archiveVersion = 1;
	classes = {
	};
	objectVersion = 48;
	objects = {

/* Begin PBXBuildFile section */
		18F02E7720C7CE4C00045468 /* AppDelegate.m in Sources */ = {isa = PBXBuildFile; fileRef = 18F02E7620C7CE4C00045468 /* AppDelegate.m */; };
		18F02E7A20C7CE4C00045468 /* ViewController.m in Sources */ = {isa = PBXBuildFile; fileRef = 18F02E7920C7CE4C00045468 /* ViewController.m */; };
		18F02E7D20C7CE4C00045468 /* Main.storyboard in Resources */ = {isa = PBXBuildFile; fileRef = 18F02E7B20C7CE4C00045468 /* Main.storyboard */; };
		18F02E7F20C7CE4C00045468 /* Assets.xcassets in Resources */ = {isa = PBXBuildFile; fileRef = 18F02E7E20C7CE4C00045468 /* Assets.xcassets */; };
		18F02E8220C7CE4C00045468 /* LaunchScreen.storyboard in Resources */ = {isa = PBXBuildFile; fileRef = 18F02E8020C7CE4C00045468 /* LaunchScreen.storyboard */; };
		18F02E8520C7CE4C00045468 /* main.m in Sources */ = {isa = PBXBuildFile; fileRef = 18F02E8420C7CE4C00045468 /* main.m */; };
		18F02E9520C7D03C00045468 /* FirstViewController.m in Sources */ = {isa = PBXBuildFile; fileRef = 18F02E9320C7D03C00045468 /* FirstViewController.m */; };
		18F02E9920C7D07F00045468 /* SecondViewController.m in Sources */ = {isa = PBXBuildFile; fileRef = 18F02E9820C7D07F00045468 /* SecondViewController.m */; };
		18F02E9F20C7D77700045468 /* UINavigationController+Premers.m in Sources */ = {isa = PBXBuildFile; fileRef = 18F02E9E20C7D77700045468 /* UINavigationController+Premers.m */; };
		18F02EA220C7D80900045468 /* UIViewController+permers.m in Sources */ = {isa = PBXBuildFile; fileRef = 18F02EA120C7D80900045468 /* UIViewController+permers.m */; };
/* End PBXBuildFile section */

/* Begin PBXFileReference section */
		18F02E7220C7CE4C00045468 /* ChuanZ.app */ = {isa = PBXFileReference; explicitFileType = wrapper.application; includeInIndex = 0; path = ChuanZ.app; sourceTree = BUILT_PRODUCTS_DIR; };
		18F02E7520C7CE4C00045468 /* AppDelegate.h */ = {isa = PBXFileReference; lastKnownFileType = sourcecode.c.h; path = AppDelegate.h; sourceTree = "<group>"; };
		18F02E7620C7CE4C00045468 /* AppDelegate.m */ = {isa = PBXFileReference; lastKnownFileType = sourcecode.c.objc; path = AppDelegate.m; sourceTree = "<group>"; };
		18F02E7820C7CE4C00045468 /* ViewController.h */ = {isa = PBXFileReference; lastKnownFileType = sourcecode.c.h; path = ViewController.h; sourceTree = "<group>"; };
		18F02E7920C7CE4C00045468 /* ViewController.m */ = {isa = PBXFileReference; lastKnownFileType = sourcecode.c.objc; path = ViewController.m; sourceTree = "<group>"; };
		18F02E7C20C7CE4C00045468 /* Base */ = {isa = PBXFileReference; lastKnownFileType = file.storyboard; name = Base; path = Base.lproj/Main.storyboard; sourceTree = "<group>"; };
		18F02E7E20C7CE4C00045468 /* Assets.xcassets */ = {isa = PBXFileReference; lastKnownFileType = folder.assetcatalog; path = Assets.xcassets; sourceTree = "<group>"; };
		18F02E8120C7CE4C00045468 /* Base */ = {isa = PBXFileReference; lastKnownFileType = file.storyboard; name = Base; path = Base.lproj/LaunchScreen.storyboard; sourceTree = "<group>"; };
		18F02E8320C7CE4C00045468 /* Info.plist */ = {isa = PBXFileReference; lastKnownFileType = text.plist.xml; path = Info.plist; sourceTree = "<group>"; };
		18F02E8420C7CE4C00045468 /* main.m */ = {isa = PBXFileReference; lastKnownFileType = sourcecode.c.objc; path = main.m; sourceTree = "<group>"; };
		18F02E9220C7D03C00045468 /* FirstViewController.h */ = {isa = PBXFileReference; fileEncoding = 4; lastKnownFileType = sourcecode.c.h; path = FirstViewController.h; sourceTree = "<group>"; };
		18F02E9320C7D03C00045468 /* FirstViewController.m */ = {isa = PBXFileReference; fileEncoding = 4; lastKnownFileType = sourcecode.c.objc; path = FirstViewController.m; sourceTree = "<group>"; };
		18F02E9720C7D07F00045468 /* SecondViewController.h */ = {isa = PBXFileReference; lastKnownFileType = sourcecode.c.h; path = SecondViewController.h; sourceTree = "<group>"; };
		18F02E9820C7D07F00045468 /* SecondViewController.m */ = {isa = PBXFileReference; lastKnownFileType = sourcecode.c.objc; path = SecondViewController.m; sourceTree = "<group>"; };
		18F02E9D20C7D77700045468 /* UINavigationController+Premers.h */ = {isa = PBXFileReference; lastKnownFileType = sourcecode.c.h; path = "UINavigationController+Premers.h"; sourceTree = "<group>"; };
		18F02E9E20C7D77700045468 /* UINavigationController+Premers.m */ = {isa = PBXFileReference; lastKnownFileType = sourcecode.c.objc; path = "UINavigationController+Premers.m"; sourceTree = "<group>"; };
		18F02EA020C7D80900045468 /* UIViewController+permers.h */ = {isa = PBXFileReference; lastKnownFileType = sourcecode.c.h; path = "UIViewController+permers.h"; sourceTree = "<group>"; };
		18F02EA120C7D80900045468 /* UIViewController+permers.m */ = {isa = PBXFileReference; lastKnownFileType = sourcecode.c.objc; path = "UIViewController+permers.m"; sourceTree = "<group>"; };
/* End PBXFileReference section */

/* Begin PBXFrameworksBuildPhase section */
		18F02E6F20C7CE4C00045468 /* Frameworks */ = {
			isa = PBXFrameworksBuildPhase;
			buildActionMask = 2147483647;
			files = (
			);
			runOnlyForDeploymentPostprocessing = 0;
		};
/* End PBXFrameworksBuildPhase section */

/* Begin PBXGroup section */
		18F02E6920C7CE4C00045468 = {
			isa = PBXGroup;
			children = (
				18F02E7420C7CE4C00045468 /* ChuanZ */,
				18F02E7320C7CE4C00045468 /* Products */,
			);
			sourceTree = "<group>";
		};
		18F02E7320C7CE4C00045468 /* Products */ = {
			isa = PBXGroup;
			children = (
				18F02E7220C7CE4C00045468 /* ChuanZ.app */,
			);
			name = Products;
			sourceTree = "<group>";
		};
		18F02E7420C7CE4C00045468 /* ChuanZ */ = {
			isa = PBXGroup;
			children = (
				18F02E7520C7CE4C00045468 /* AppDelegate.h */,
				18F02E7620C7CE4C00045468 /* AppDelegate.m */,
				18F02E7820C7CE4C00045468 /* ViewController.h */,
				18F02E7920C7CE4C00045468 /* ViewController.m */,
				18F02EA320C7D95700045468 /* CAT */,
				18F02E9220C7D03C00045468 /* FirstViewController.h */,
				18F02E9320C7D03C00045468 /* FirstViewController.m */,
				18F02E9720C7D07F00045468 /* SecondViewController.h */,
				18F02E9820C7D07F00045468 /* SecondViewController.m */,
				18F02E7B20C7CE4C00045468 /* Main.storyboard */,
				18F02E7E20C7CE4C00045468 /* Assets.xcassets */,
				18F02E8020C7CE4C00045468 /* LaunchScreen.storyboard */,
				18F02E8320C7CE4C00045468 /* Info.plist */,
				18F02E8420C7CE4C00045468 /* main.m */,
			);
			path = ChuanZ;
			sourceTree = "<group>";
		};
		18F02EA320C7D95700045468 /* CAT */ = {
			isa = PBXGroup;
			children = (
				18F02E9D20C7D77700045468 /* UINavigationController+Premers.h */,
				18F02E9E20C7D77700045468 /* UINavigationController+Premers.m */,
				18F02EA020C7D80900045468 /* UIViewController+permers.h */,
				18F02EA120C7D80900045468 /* UIViewController+permers.m */,
			);
			path = CAT;
			sourceTree = "<group>";
		};
/* End PBXGroup section */

/* Begin PBXNativeTarget section */
		18F02E7120C7CE4C00045468 /* ChuanZ */ = {
			isa = PBXNativeTarget;
			buildConfigurationList = 18F02E8820C7CE4C00045468 /* Build configuration list for PBXNativeTarget "ChuanZ" */;
			buildPhases = (
				18F02E6E20C7CE4C00045468 /* Sources */,
				18F02E6F20C7CE4C00045468 /* Frameworks */,
				18F02E7020C7CE4C00045468 /* Resources */,
			);
			buildRules = (
			);
			dependencies = (
			);
			name = ChuanZ;
			productName = ChuanZ;
			productReference = 18F02E7220C7CE4C00045468 /* ChuanZ.app */;
			productType = "com.apple.product-type.application";
		};
/* End PBXNativeTarget section */

/* Begin PBXProject section */
		18F02E6A20C7CE4C00045468 /* Project object */ = {
			isa = PBXProject;
			attributes = {
				LastUpgradeCheck = 0900;
				ORGANIZATIONNAME = apple;
				TargetAttributes = {
					18F02E7120C7CE4C00045468 = {
						CreatedOnToolsVersion = 9.0;
						ProvisioningStyle = Automatic;
					};
				};
			};
			buildConfigurationList = 18F02E6D20C7CE4C00045468 /* Build configuration list for PBXProject "ChuanZ" */;
			compatibilityVersion = "Xcode 8.0";
			developmentRegion = en;
			hasScannedForEncodings = 0;
			knownRegions = (
				en,
				Base,
			);
			mainGroup = 18F02E6920C7CE4C00045468;
			productRefGroup = 18F02E7320C7CE4C00045468 /* Products */;
			projectDirPath = "";
			projectRoot = "";
			targets = (
				18F02E7120C7CE4C00045468 /* ChuanZ */,
			);
		};
/* End PBXProject section */

/* Begin PBXResourcesBuildPhase section */
		18F02E7020C7CE4C00045468 /* Resources */ = {
			isa = PBXResourcesBuildPhase;
			buildActionMask = 2147483647;
			files = (
				18F02E8220C7CE4C00045468 /* LaunchScreen.storyboard in Resources */,
				18F02E7F20C7CE4C00045468 /* Assets.xcassets in Resources */,
				18F02E7D20C7CE4C00045468 /* Main.storyboard in Resources */,
			);
			runOnlyForDeploymentPostprocessing = 0;
		};
/* End PBXResourcesBuildPhase section */

/* Begin PBXSourcesBuildPhase section */
		18F02E6E20C7CE4C00045468 /* Sources */ = {
			isa = PBXSourcesBuildPhase;
			buildActionMask = 2147483647;
			files = (
				18F02E9920C7D07F00045468 /* SecondViewController.m in Sources */,
				18F02E7A20C7CE4C00045468 /* ViewController.m in Sources */,
				18F02E9F20C7D77700045468 /* UINavigationController+Premers.m in Sources */,
				18F02EA220C7D80900045468 /* UIViewController+permers.m in Sources */,
				18F02E8520C7CE4C00045468 /* main.m in Sources */,
				18F02E7720C7CE4C00045468 /* AppDelegate.m in Sources */,
				18F02E9520C7D03C00045468 /* FirstViewController.m in Sources */,
			);
			runOnlyForDeploymentPostprocessing = 0;
		};
/* End PBXSourcesBuildPhase section */

/* Begin PBXVariantGroup section */
		18F02E7B20C7CE4C00045468 /* Main.storyboard */ = {
			isa = PBXVariantGroup;
			children = (
				18F02E7C20C7CE4C00045468 /* Base */,
			);
			name = Main.storyboard;
			sourceTree = "<group>";
		};
		18F02E8020C7CE4C00045468 /* LaunchScreen.storyboard */ = {
			isa = PBXVariantGroup;
			children = (
				18F02E8120C7CE4C00045468 /* Base */,
			);
			name = LaunchScreen.storyboard;
			sourceTree = "<group>";
		};
/* End PBXVariantGroup section */

/* Begin XCBuildConfiguration section */
		18F02E8620C7CE4C00045468 /* Debug */ = {
			isa = XCBuildConfiguration;
			buildSettings = {
				ALWAYS_SEARCH_USER_PATHS = NO;
				CLANG_ANALYZER_NONNULL = YES;
				CLANG_ANALYZER_NUMBER_OBJECT_CONVERSION = YES_AGGRESSIVE;
				CLANG_CXX_LANGUAGE_STANDARD = "gnu++14";
				CLANG_CXX_LIBRARY = "libc++";
				CLANG_ENABLE_MODULES = YES;
				CLANG_ENABLE_OBJC_ARC = YES;
				CLANG_WARN_BLOCK_CAPTURE_AUTORELEASING = YES;
				CLANG_WARN_BOOL_CONVERSION = YES;
				CLANG_WARN_COMMA = YES;
				CLANG_WARN_CONSTANT_CONVERSION = YES;
				CLANG_WARN_DIRECT_OBJC_ISA_USAGE = YES_ERROR;
				CLANG_WARN_DOCUMENTATION_COMMENTS = YES;
				CLANG_WARN_EMPTY_BODY = YES;
				CLANG_WARN_ENUM_CONVERSION = YES;
				CLANG_WARN_INFINITE_RECURSION = YES;
				CLANG_WARN_INT_CONVERSION = YES;
				CLANG_WARN_NON_LITERAL_NULL_CONVERSION = YES;
				CLANG_WARN_OBJC_LITERAL_CONVERSION = YES;
				CLANG_WARN_OBJC_ROOT_CLASS = YES_ERROR;
				CLANG_WARN_RANGE_LOOP_ANALYSIS = YES;
				CLANG_WARN_STRICT_PROTOTYPES = YES;
				CLANG_WARN_SUSPICIOUS_MOVE = YES;
				CLANG_WARN_UNGUARDED_AVAILABILITY = YES_AGGRESSIVE;
				CLANG_WARN_UNREACHABLE_CODE = YES;
				CLANG_WARN__DUPLICATE_METHOD_MATCH = YES;
				CODE_SIGN_IDENTITY = "iPhone Developer";
				COPY_PHASE_STRIP = NO;
				DEBUG_INFORMATION_FORMAT = dwarf;
				ENABLE_STRICT_OBJC_MSGSEND = YES;
				ENABLE_TESTABILITY = YES;
				GCC_C_LANGUAGE_STANDARD = gnu11;
				GCC_DYNAMIC_NO_PIC = NO;
				GCC_NO_COMMON_BLOCKS = YES;
				GCC_OPTIMIZATION_LEVEL = 0;
				GCC_PREPROCESSOR_DEFINITIONS = (
					"DEBUG=1",
					"$(inherited)",
				);
				GCC_WARN_64_TO_32_BIT_CONVERSION = YES;
				GCC_WARN_ABOUT_RETURN_TYPE = YES_ERROR;
				GCC_WARN_UNDECLARED_SELECTOR = YES;
				GCC_WARN_UNINITIALIZED_AUTOS = YES_AGGRESSIVE;
				GCC_WARN_UNUSED_FUNCTION = YES;
				GCC_WARN_UNUSED_VARIABLE = YES;
				IPHONEOS_DEPLOYMENT_TARGET = 11.0;
				MTL_ENABLE_DEBUG_INFO = YES;
				ONLY_ACTIVE_ARCH = YES;
				SDKROOT = iphoneos;
			};
			name = Debug;
		};
		18F02E8720C7CE4C00045468 /* Release */ = {
			isa = XCBuildConfiguration;
			buildSettings = {
				ALWAYS_SEARCH_USER_PATHS = NO;
				CLANG_ANALYZER_NONNULL = YES;
				CLANG_ANALYZER_NUMBER_OBJECT_CONVERSION = YES_AGGRESSIVE;
				CLANG_CXX_LANGUAGE_STANDARD = "gnu++14";
				CLANG_CXX_LIBRARY = "libc++";
				CLANG_ENABLE_MODULES = YES;
				CLANG_ENABLE_OBJC_ARC = YES;
				CLANG_WARN_BLOCK_CAPTURE_AUTORELEASING = YES;
				CLANG_WARN_BOOL_CONVERSION = YES;
				CLANG_WARN_COMMA = YES;
				CLANG_WARN_CONSTANT_CONVERSION = YES;
				CLANG_WARN_DIRECT_OBJC_ISA_USAGE = YES_ERROR;
				CLANG_WARN_DOCUMENTATION_COMMENTS = YES;
				CLANG_WARN_EMPTY_BODY = YES;
				CLANG_WARN_ENUM_CONVERSION = YES;
				CLANG_WARN_INFINITE_RECURSION = YES;
				CLANG_WARN_INT_CONVERSION = YES;
				CLANG_WARN_NON_LITERAL_NULL_CONVERSION = YES;
				CLANG_WARN_OBJC_LITERAL_CONVERSION = YES;
				CLANG_WARN_OBJC_ROOT_CLASS = YES_ERROR;
				CLANG_WARN_RANGE_LOOP_ANALYSIS = YES;
				CLANG_WARN_STRICT_PROTOTYPES = YES;
				CLANG_WARN_SUSPICIOUS_MOVE = YES;
				CLANG_WARN_UNGUARDED_AVAILABILITY = YES_AGGRESSIVE;
				CLANG_WARN_UNREACHABLE_CODE = YES;
				CLANG_WARN__DUPLICATE_METHOD_MATCH = YES;
				CODE_SIGN_IDENTITY = "iPhone Developer";
				COPY_PHASE_STRIP = NO;
				DEBUG_INFORMATION_FORMAT = "dwarf-with-dsym";
				ENABLE_NS_ASSERTIONS = NO;
				ENABLE_STRICT_OBJC_MSGSEND = YES;
				GCC_C_LANGUAGE_STANDARD = gnu11;
				GCC_NO_COMMON_BLOCKS = YES;
				GCC_WARN_64_TO_32_BIT_CONVERSION = YES;
				GCC_WARN_ABOUT_RETURN_TYPE = YES_ERROR;
				GCC_WARN_UNDECLARED_SELECTOR = YES;
				GCC_WARN_UNINITIALIZED_AUTOS = YES_AGGRESSIVE;
				GCC_WARN_UNUSED_FUNCTION = YES;
				GCC_WARN_UNUSED_VARIABLE = YES;
				IPHONEOS_DEPLOYMENT_TARGET = 11.0;
				MTL_ENABLE_DEBUG_INFO = NO;
				SDKROOT = iphoneos;
				VALIDATE_PRODUCT = YES;
			};
			name = Release;
		};
		18F02E8920C7CE4C00045468 /* Debug */ = {
			isa = XCBuildConfiguration;
			buildSettings = {
				ASSETCATALOG_COMPILER_APPICON_NAME = AppIcon;
				CODE_SIGN_STYLE = Automatic;
				INFOPLIST_FILE = ChuanZ/Info.plist;
				LD_RUNPATH_SEARCH_PATHS = "$(inherited) @executable_path/Frameworks";
				PRODUCT_BUNDLE_IDENTIFIER = com.ZhiBoYuan.ChuanZ;
				PRODUCT_NAME = "$(TARGET_NAME)";
				TARGETED_DEVICE_FAMILY = "1,2";
			};
			name = Debug;
		};
		18F02E8A20C7CE4C00045468 /* Release */ = {
			isa = XCBuildConfiguration;
			buildSettings = {
				ASSETCATALOG_COMPILER_APPICON_NAME = AppIcon;
				CODE_SIGN_STYLE = Automatic;
				INFOPLIST_FILE = ChuanZ/Info.plist;
				LD_RUNPATH_SEARCH_PATHS = "$(inherited) @executable_path/Frameworks";
				PRODUCT_BUNDLE_IDENTIFIER = com.ZhiBoYuan.ChuanZ;
				PRODUCT_NAME = "$(TARGET_NAME)";
				TARGETED_DEVICE_FAMILY = "1,2";
			};
			name = Release;
		};
/* End XCBuildConfiguration section */

/* Begin XCConfigurationList section */
		18F02E6D20C7CE4C00045468 /* Build configuration list for PBXProject "ChuanZ" */ = {
			isa = XCConfigurationList;
			buildConfigurations = (
				18F02E8620C7CE4C00045468 /* Debug */,
				18F02E8720C7CE4C00045468 /* Release */,
			);
			defaultConfigurationIsVisible = 0;
			defaultConfigurationName = Release;
		};
		18F02E8820C7CE4C00045468 /* Build configuration list for PBXNativeTarget "ChuanZ" */ = {
			isa = XCConfigurationList;
			buildConfigurations = (
				18F02E8920C7CE4C00045468 /* Debug */,
				18F02E8A20C7CE4C00045468 /* Release */,
			);
			defaultConfigurationIsVisible = 0;
			defaultConfigurationName = Release;
		};
/* End XCConfigurationList section */
	};
	rootObject = 18F02E6A20C7CE4C00045468 /* Project object */;
}
